PODS:
  - Alamofire (5.2.2)
  - ASPVideoPlayer (6.1.2)
  - Cosmos (23.0.0)
  - FacebookCore (0.9.0):
    - FBSDKCoreKit (~> 5.0)
  - FacebookLogin (0.9.0):
    - FacebookCore (~> 0.9.0)
    - FBSDKCoreKit (~> 5.0)
    - FBSDKLoginKit (~> 5.0)
  - FacebookShare (0.9.0):
    - FacebookCore (~> 0.9.0)
    - FBSDKCoreKit (~> 5.0)
    - FBSDKShareKit (~> 5.0)
  - FBSDKCoreKit (5.15.1):
    - FBSDKCoreKit/Basics (= 5.15.1)
    - FBSDKCoreKit/Core (= 5.15.1)
  - FBSDKCoreKit/Basics (5.15.1)
  - FBSDKCoreKit/Core (5.15.1):
    - FBSDKCoreKit/Basics
  - FBSDKLoginKit (5.15.1):
    - FBSDKLoginKit/Login (= 5.15.1)
  - FBSDKLoginKit/Login (5.15.1):
    - FBSDKCoreKit (~> 5.0)
  - FBSDKShareKit (5.15.1):
    - FBSDKShareKit/Share (= 5.15.1)
  - FBSDKShareKit/Share (5.15.1):
    - FBSDKCoreKit (~> 5.0)
  - PinCodeTextField (0.1.0)
  - SDWebImage (5.11.1):
    - SDWebImage/Core (= 5.11.1)
  - SDWebImage/Core (5.11.1)
  - SideMenu (6.5.0)
  - SwiftyJSON (5.0.1)
  - VGSegment (1.0.4)

DEPENDENCIES:
  - Alamofire (~> 5.2.2)
  - ASPVideoPlayer
  - Cosmos (~> 23.0)
  - FacebookCore
  - FacebookLogin
  - FacebookShare
  - PinCodeTextField
  - SDWebImage
  - SideMenu (~> 6.0)
  - SwiftyJSON
  - VGSegment

SPEC REPOS:
  trunk:
    - Alamofire
    - ASPVideoPlayer
    - Cosmos
    - FacebookCore
    - FacebookLogin
    - FacebookShare
    - FBSDKCoreKit
    - FBSDKLoginKit
    - FBSDKShareKit
    - PinCodeTextField
    - SDWebImage
    - SideMenu
    - SwiftyJSON
    - VGSegment

SPEC CHECKSUMS:
  Alamofire: 814429acc853c6c54ff123fc3d2ef66803823ce0
  ASPVideoPlayer: 70215f5b4cfbf33614548ee56a67290f640023d0
  Cosmos: b5c6a9a637e28a061b54c8f8b1d8529d7d4db73f
  FacebookCore: ba86524b66cfa86d0f8e65d08faa8504a9f732dd
  FacebookLogin: 6cee9fd6e1fe976fe8f7eec199e27b28b14f5d63
  FacebookShare: 85968ad1b1606c4944fb154924e425fd29184ea5
  FBSDKCoreKit: 1d5acf7c9d7a2f92bb1a242dc60cae5b7adb91df
  FBSDKLoginKit: f1ea8026a58b52d30c9f2e6a58ca7d813619fb83
  FBSDKShareKit: 259737eab3cc807087374553abdf588b3096ba55
  PinCodeTextField: a3c39be58bde3ed1d6888d0fb1d88b0a4a2277cc
  SDWebImage: a7f831e1a65eb5e285e3fb046a23fcfbf08e696d
  SideMenu: f583187d21c5b1dd04c72002be544b555a2627a2
  SwiftyJSON: 2f33a42c6fbc52764d96f13368585094bfd8aa5e
  VGSegment: 2a6f7aa6ffad65127ec41266cdda9171b0487984

PODFILE CHECKSUM: 1cf526e8a744fd367ea9d077c9fffb48586b170e

COCOAPODS: 1.11.2
