// !$*UTF8*$!
{
	archiveVersion = 1;
	classes = {
	};
	objectVersion = 51;
	objects = {

/* Begin PBXBuildFile section */
		5F006865265BEF430070B9E6 /* IngredientCell.swift in Sources */ = {isa = PBXBuildFile; fileRef = 5F006864265BEF430070B9E6 /* IngredientCell.swift */; };
		5F006870265BF3890070B9E6 /* InstructionCell.swift in Sources */ = {isa = PBXBuildFile; fileRef = 5F00686F265BF3890070B9E6 /* InstructionCell.swift */; };
		5F1C387E26CC180D00497D26 /* FindReceipeViewController.swift in Sources */ = {isa = PBXBuildFile; fileRef = 5F1C387D26CC180D00497D26 /* FindReceipeViewController.swift */; };
		5F2281B4265CF71F00025BE4 /* Roboto-Black.ttf in Resources */ = {isa = PBXBuildFile; fileRef = 5F342FEA261F5A9E006BA4D3 /* Roboto-Black.ttf */; };
		5F2281B5265CF71F00025BE4 /* Roboto-BlackItalic.ttf in Resources */ = {isa = PBXBuildFile; fileRef = 5F342FEC261F5A9E006BA4D3 /* Roboto-BlackItalic.ttf */; };
		5F2281B6265CF71F00025BE4 /* Roboto-Bold.ttf in Resources */ = {isa = PBXBuildFile; fileRef = 5F342FEB261F5A9E006BA4D3 /* Roboto-Bold.ttf */; };
		5F2281B7265CF71F00025BE4 /* Roboto-BoldItalic.ttf in Resources */ = {isa = PBXBuildFile; fileRef = 5F342FF0261F5A9E006BA4D3 /* Roboto-BoldItalic.ttf */; };
		5F2281B8265CF71F00025BE4 /* Roboto-Italic.ttf in Resources */ = {isa = PBXBuildFile; fileRef = 5F342FEE261F5A9E006BA4D3 /* Roboto-Italic.ttf */; };
		5F2281B9265CF71F00025BE4 /* Roboto-Light.ttf in Resources */ = {isa = PBXBuildFile; fileRef = 5F342FF1261F5A9E006BA4D3 /* Roboto-Light.ttf */; };
		5F2281BA265CF71F00025BE4 /* Roboto-LightItalic.ttf in Resources */ = {isa = PBXBuildFile; fileRef = 5F342FF2261F5A9E006BA4D3 /* Roboto-LightItalic.ttf */; };
		5F2281BB265CF71F00025BE4 /* Roboto-Medium.ttf in Resources */ = {isa = PBXBuildFile; fileRef = 5F342FF4261F5A9E006BA4D3 /* Roboto-Medium.ttf */; };
		5F2281BC265CF71F00025BE4 /* Roboto-MediumItalic.ttf in Resources */ = {isa = PBXBuildFile; fileRef = 5F342FEF261F5A9E006BA4D3 /* Roboto-MediumItalic.ttf */; };
		5F2281BD265CF71F00025BE4 /* Roboto-Regular.ttf in Resources */ = {isa = PBXBuildFile; fileRef = 5F342FF5261F5A9F006BA4D3 /* Roboto-Regular.ttf */; };
		5F2281BE265CF71F00025BE4 /* Roboto-Thin.ttf in Resources */ = {isa = PBXBuildFile; fileRef = 5F342FF3261F5A9E006BA4D3 /* Roboto-Thin.ttf */; };
		5F2281BF265CF71F00025BE4 /* Roboto-ThinItalic.ttf in Resources */ = {isa = PBXBuildFile; fileRef = 5F342FED261F5A9E006BA4D3 /* Roboto-ThinItalic.ttf */; };
		5F25FFE0262F02DE00EC49C0 /* Global.swift in Sources */ = {isa = PBXBuildFile; fileRef = 5F25FFDF262F02DE00EC49C0 /* Global.swift */; };
		5F25FFE4262F030300EC49C0 /* APIs.swift in Sources */ = {isa = PBXBuildFile; fileRef = 5F25FFE3262F030300EC49C0 /* APIs.swift */; };
		5F25FFE7262F031600EC49C0 /* Constants.swift in Sources */ = {isa = PBXBuildFile; fileRef = 5F25FFE6262F031600EC49C0 /* Constants.swift */; };
		5F342FD8261F5055006BA4D3 /* TutorialScreenViewController2.swift in Sources */ = {isa = PBXBuildFile; fileRef = 5F342FD7261F5055006BA4D3 /* TutorialScreenViewController2.swift */; };
		5F342FDB261F506A006BA4D3 /* TutorialScreenViewController3.swift in Sources */ = {isa = PBXBuildFile; fileRef = 5F342FDA261F506A006BA4D3 /* TutorialScreenViewController3.swift */; };
		5F342FDF261F56EB006BA4D3 /* SignInViewController.swift in Sources */ = {isa = PBXBuildFile; fileRef = 5F342FDE261F56EB006BA4D3 /* SignInViewController.swift */; };
		5F3CE84226D3A67D00EC82FF /* IngredientViewController.swift in Sources */ = {isa = PBXBuildFile; fileRef = 5F3CE84126D3A67D00EC82FF /* IngredientViewController.swift */; };
		5F3E2F80261E9AA400790E25 /* AppDelegate.swift in Sources */ = {isa = PBXBuildFile; fileRef = 5F3E2F7F261E9AA400790E25 /* AppDelegate.swift */; };
		5F3E2F84261E9AA400790E25 /* TutorialScreenViewController1.swift in Sources */ = {isa = PBXBuildFile; fileRef = 5F3E2F83261E9AA400790E25 /* TutorialScreenViewController1.swift */; };
		5F3E2F87261E9AA400790E25 /* Main.storyboard in Resources */ = {isa = PBXBuildFile; fileRef = 5F3E2F85261E9AA400790E25 /* Main.storyboard */; };
		5F3E2F89261E9AA500790E25 /* Assets.xcassets in Resources */ = {isa = PBXBuildFile; fileRef = 5F3E2F88261E9AA500790E25 /* Assets.xcassets */; };
		5F3E2F8C261E9AA500790E25 /* LaunchScreen.storyboard in Resources */ = {isa = PBXBuildFile; fileRef = 5F3E2F8A261E9AA500790E25 /* LaunchScreen.storyboard */; };
		5F3E2F96261EA38E00790E25 /* FontsFree-Net-SFProText-Regular.ttf in Resources */ = {isa = PBXBuildFile; fileRef = 5F3E2F95261EA38E00790E25 /* FontsFree-Net-SFProText-Regular.ttf */; };
		5F408358265C9ED200A4CD23 /* RightMenuController.swift in Sources */ = {isa = PBXBuildFile; fileRef = 5F408357265C9ED200A4CD23 /* RightMenuController.swift */; };
		5F7106D2261FDD9D0089BDAC /* Extension.swift in Sources */ = {isa = PBXBuildFile; fileRef = 5F7106D1261FDD9D0089BDAC /* Extension.swift */; };
		5F7FA4FB265600190091C571 /* ReadyToCookViewController.swift in Sources */ = {isa = PBXBuildFile; fileRef = 5F7FA4FA265600190091C571 /* ReadyToCookViewController.swift */; };
		5F7FA4FE265600380091C571 /* ReadyToCookCell.swift in Sources */ = {isa = PBXBuildFile; fileRef = 5F7FA4FD265600380091C571 /* ReadyToCookCell.swift */; };
		5FCA7B9B264E22AE00AE9DDF /* MyBoxViewController.swift in Sources */ = {isa = PBXBuildFile; fileRef = 5FCA7B9A264E22AE00AE9DDF /* MyBoxViewController.swift */; };
		5FE1EB222625D6CA002B1E45 /* ForgotPasswordViewController.swift in Sources */ = {isa = PBXBuildFile; fileRef = 5FE1EB212625D6CA002B1E45 /* ForgotPasswordViewController.swift */; };
		5FE1EB252625F74A002B1E45 /* VerificationCodeViewController.swift in Sources */ = {isa = PBXBuildFile; fileRef = 5FE1EB242625F74A002B1E45 /* VerificationCodeViewController.swift */; };
		5FFE3F6D26565AF300667AA5 /* LetsCookViewController.swift in Sources */ = {isa = PBXBuildFile; fileRef = 5FFE3F6C26565AF300667AA5 /* LetsCookViewController.swift */; };
		5FFF884C26268E8700E39758 /* ChangePasswordViewController.swift in Sources */ = {isa = PBXBuildFile; fileRef = 5FFF884B26268E8700E39758 /* ChangePasswordViewController.swift */; };
		5FFFD5802653B69C00E3D15A /* ReceipeCell.swift in Sources */ = {isa = PBXBuildFile; fileRef = 5FFFD57F2653B69C00E3D15A /* ReceipeCell.swift */; };
		5FFFD58426540F4A00E3D15A /* MyBoxCell.swift in Sources */ = {isa = PBXBuildFile; fileRef = 5FFFD58326540F4A00E3D15A /* MyBoxCell.swift */; };
		D7BCB5BC26FB7A5500FDBB66 /* ShareViewController.swift in Sources */ = {isa = PBXBuildFile; fileRef = D7BCB5BB26FB7A5500FDBB66 /* ShareViewController.swift */; };
		F66D1910B24F8E0A7D678F6D /* Pods_Ahara.framework in Frameworks */ = {isa = PBXBuildFile; fileRef = 3258B76B8F557C9034946205 /* Pods_Ahara.framework */; };
/* End PBXBuildFile section */

/* Begin PBXFileReference section */
		21D394DF25257D8B018BDF5E /* Pods-Ahara.release.xcconfig */ = {isa = PBXFileReference; includeInIndex = 1; lastKnownFileType = text.xcconfig; name = "Pods-Ahara.release.xcconfig"; path = "Target Support Files/Pods-Ahara/Pods-Ahara.release.xcconfig"; sourceTree = "<group>"; };
		3258B76B8F557C9034946205 /* Pods_Ahara.framework */ = {isa = PBXFileReference; explicitFileType = wrapper.framework; includeInIndex = 0; path = Pods_Ahara.framework; sourceTree = BUILT_PRODUCTS_DIR; };
		5F006864265BEF430070B9E6 /* IngredientCell.swift */ = {isa = PBXFileReference; lastKnownFileType = sourcecode.swift; path = IngredientCell.swift; sourceTree = "<group>"; };
		5F00686F265BF3890070B9E6 /* InstructionCell.swift */ = {isa = PBXFileReference; lastKnownFileType = sourcecode.swift; path = InstructionCell.swift; sourceTree = "<group>"; };
		5F1C387D26CC180D00497D26 /* FindReceipeViewController.swift */ = {isa = PBXFileReference; lastKnownFileType = sourcecode.swift; path = FindReceipeViewController.swift; sourceTree = "<group>"; };
		5F25FFDF262F02DE00EC49C0 /* Global.swift */ = {isa = PBXFileReference; lastKnownFileType = sourcecode.swift; path = Global.swift; sourceTree = "<group>"; };
		5F25FFE3262F030300EC49C0 /* APIs.swift */ = {isa = PBXFileReference; lastKnownFileType = sourcecode.swift; path = APIs.swift; sourceTree = "<group>"; };
		5F25FFE6262F031600EC49C0 /* Constants.swift */ = {isa = PBXFileReference; lastKnownFileType = sourcecode.swift; path = Constants.swift; sourceTree = "<group>"; };
		5F342FD7261F5055006BA4D3 /* TutorialScreenViewController2.swift */ = {isa = PBXFileReference; lastKnownFileType = sourcecode.swift; path = TutorialScreenViewController2.swift; sourceTree = "<group>"; };
		5F342FDA261F506A006BA4D3 /* TutorialScreenViewController3.swift */ = {isa = PBXFileReference; lastKnownFileType = sourcecode.swift; path = TutorialScreenViewController3.swift; sourceTree = "<group>"; };
		5F342FDE261F56EB006BA4D3 /* SignInViewController.swift */ = {isa = PBXFileReference; lastKnownFileType = sourcecode.swift; path = SignInViewController.swift; sourceTree = "<group>"; };
		5F342FEA261F5A9E006BA4D3 /* Roboto-Black.ttf */ = {isa = PBXFileReference; lastKnownFileType = file; name = "Roboto-Black.ttf"; path = "font/Roboto/Roboto-Black.ttf"; sourceTree = SOURCE_ROOT; };
		5F342FEB261F5A9E006BA4D3 /* Roboto-Bold.ttf */ = {isa = PBXFileReference; lastKnownFileType = file; name = "Roboto-Bold.ttf"; path = "font/Roboto/Roboto-Bold.ttf"; sourceTree = SOURCE_ROOT; };
		5F342FEC261F5A9E006BA4D3 /* Roboto-BlackItalic.ttf */ = {isa = PBXFileReference; lastKnownFileType = file; name = "Roboto-BlackItalic.ttf"; path = "font/Roboto/Roboto-BlackItalic.ttf"; sourceTree = SOURCE_ROOT; };
		5F342FED261F5A9E006BA4D3 /* Roboto-ThinItalic.ttf */ = {isa = PBXFileReference; lastKnownFileType = file; name = "Roboto-ThinItalic.ttf"; path = "font/Roboto/Roboto-ThinItalic.ttf"; sourceTree = SOURCE_ROOT; };
		5F342FEE261F5A9E006BA4D3 /* Roboto-Italic.ttf */ = {isa = PBXFileReference; lastKnownFileType = file; name = "Roboto-Italic.ttf"; path = "font/Roboto/Roboto-Italic.ttf"; sourceTree = SOURCE_ROOT; };
		5F342FEF261F5A9E006BA4D3 /* Roboto-MediumItalic.ttf */ = {isa = PBXFileReference; lastKnownFileType = file; name = "Roboto-MediumItalic.ttf"; path = "font/Roboto/Roboto-MediumItalic.ttf"; sourceTree = SOURCE_ROOT; };
		5F342FF0261F5A9E006BA4D3 /* Roboto-BoldItalic.ttf */ = {isa = PBXFileReference; lastKnownFileType = file; name = "Roboto-BoldItalic.ttf"; path = "font/Roboto/Roboto-BoldItalic.ttf"; sourceTree = SOURCE_ROOT; };
		5F342FF1261F5A9E006BA4D3 /* Roboto-Light.ttf */ = {isa = PBXFileReference; lastKnownFileType = file; name = "Roboto-Light.ttf"; path = "font/Roboto/Roboto-Light.ttf"; sourceTree = SOURCE_ROOT; };
		5F342FF2261F5A9E006BA4D3 /* Roboto-LightItalic.ttf */ = {isa = PBXFileReference; lastKnownFileType = file; name = "Roboto-LightItalic.ttf"; path = "font/Roboto/Roboto-LightItalic.ttf"; sourceTree = SOURCE_ROOT; };
		5F342FF3261F5A9E006BA4D3 /* Roboto-Thin.ttf */ = {isa = PBXFileReference; lastKnownFileType = file; name = "Roboto-Thin.ttf"; path = "font/Roboto/Roboto-Thin.ttf"; sourceTree = SOURCE_ROOT; };
		5F342FF4261F5A9E006BA4D3 /* Roboto-Medium.ttf */ = {isa = PBXFileReference; lastKnownFileType = file; name = "Roboto-Medium.ttf"; path = "font/Roboto/Roboto-Medium.ttf"; sourceTree = SOURCE_ROOT; };
		5F342FF5261F5A9F006BA4D3 /* Roboto-Regular.ttf */ = {isa = PBXFileReference; lastKnownFileType = file; name = "Roboto-Regular.ttf"; path = "font/Roboto/Roboto-Regular.ttf"; sourceTree = SOURCE_ROOT; };
		5F3CE84126D3A67D00EC82FF /* IngredientViewController.swift */ = {isa = PBXFileReference; lastKnownFileType = sourcecode.swift; path = IngredientViewController.swift; sourceTree = "<group>"; };
		5F3E2F7C261E9AA400790E25 /* Ahara.app */ = {isa = PBXFileReference; explicitFileType = wrapper.application; includeInIndex = 0; path = Ahara.app; sourceTree = BUILT_PRODUCTS_DIR; };
		5F3E2F7F261E9AA400790E25 /* AppDelegate.swift */ = {isa = PBXFileReference; lastKnownFileType = sourcecode.swift; path = AppDelegate.swift; sourceTree = "<group>"; };
		5F3E2F83261E9AA400790E25 /* TutorialScreenViewController1.swift */ = {isa = PBXFileReference; lastKnownFileType = sourcecode.swift; path = TutorialScreenViewController1.swift; sourceTree = "<group>"; };
		5F3E2F86261E9AA400790E25 /* Base */ = {isa = PBXFileReference; lastKnownFileType = file.storyboard; name = Base; path = Base.lproj/Main.storyboard; sourceTree = "<group>"; };
		5F3E2F88261E9AA500790E25 /* Assets.xcassets */ = {isa = PBXFileReference; lastKnownFileType = folder.assetcatalog; path = Assets.xcassets; sourceTree = "<group>"; };
		5F3E2F8B261E9AA500790E25 /* Base */ = {isa = PBXFileReference; lastKnownFileType = file.storyboard; name = Base; path = Base.lproj/LaunchScreen.storyboard; sourceTree = "<group>"; };
		5F3E2F8D261E9AA500790E25 /* Info.plist */ = {isa = PBXFileReference; lastKnownFileType = text.plist.xml; path = Info.plist; sourceTree = "<group>"; };
		5F3E2F95261EA38E00790E25 /* FontsFree-Net-SFProText-Regular.ttf */ = {isa = PBXFileReference; lastKnownFileType = file; name = "FontsFree-Net-SFProText-Regular.ttf"; path = "font/FontsFree-Net-SFProText-Regular.ttf"; sourceTree = SOURCE_ROOT; };
		5F408357265C9ED200A4CD23 /* RightMenuController.swift */ = {isa = PBXFileReference; lastKnownFileType = sourcecode.swift; path = RightMenuController.swift; sourceTree = "<group>"; };
		5F7106D1261FDD9D0089BDAC /* Extension.swift */ = {isa = PBXFileReference; lastKnownFileType = sourcecode.swift; path = Extension.swift; sourceTree = "<group>"; };
		5F7FA4FA265600190091C571 /* ReadyToCookViewController.swift */ = {isa = PBXFileReference; lastKnownFileType = sourcecode.swift; path = ReadyToCookViewController.swift; sourceTree = "<group>"; };
		5F7FA4FD265600380091C571 /* ReadyToCookCell.swift */ = {isa = PBXFileReference; lastKnownFileType = sourcecode.swift; path = ReadyToCookCell.swift; sourceTree = "<group>"; };
		5FCA7B9A264E22AE00AE9DDF /* MyBoxViewController.swift */ = {isa = PBXFileReference; lastKnownFileType = sourcecode.swift; path = MyBoxViewController.swift; sourceTree = "<group>"; };
		5FE1EB212625D6CA002B1E45 /* ForgotPasswordViewController.swift */ = {isa = PBXFileReference; lastKnownFileType = sourcecode.swift; path = ForgotPasswordViewController.swift; sourceTree = "<group>"; };
		5FE1EB242625F74A002B1E45 /* VerificationCodeViewController.swift */ = {isa = PBXFileReference; lastKnownFileType = sourcecode.swift; path = VerificationCodeViewController.swift; sourceTree = "<group>"; };
		5FFE3F6C26565AF300667AA5 /* LetsCookViewController.swift */ = {isa = PBXFileReference; lastKnownFileType = sourcecode.swift; path = LetsCookViewController.swift; sourceTree = "<group>"; };
		5FFF884B26268E8700E39758 /* ChangePasswordViewController.swift */ = {isa = PBXFileReference; lastKnownFileType = sourcecode.swift; path = ChangePasswordViewController.swift; sourceTree = "<group>"; };
		5FFFD57F2653B69C00E3D15A /* ReceipeCell.swift */ = {isa = PBXFileReference; lastKnownFileType = sourcecode.swift; path = ReceipeCell.swift; sourceTree = "<group>"; };
		5FFFD58326540F4A00E3D15A /* MyBoxCell.swift */ = {isa = PBXFileReference; lastKnownFileType = sourcecode.swift; path = MyBoxCell.swift; sourceTree = "<group>"; };
		D7BCB5BB26FB7A5500FDBB66 /* ShareViewController.swift */ = {isa = PBXFileReference; lastKnownFileType = sourcecode.swift; path = ShareViewController.swift; sourceTree = "<group>"; };
		FF27BF1B2CF78C480FC4F925 /* Pods-Ahara.debug.xcconfig */ = {isa = PBXFileReference; includeInIndex = 1; lastKnownFileType = text.xcconfig; name = "Pods-Ahara.debug.xcconfig"; path = "Target Support Files/Pods-Ahara/Pods-Ahara.debug.xcconfig"; sourceTree = "<group>"; };
/* End PBXFileReference section */

/* Begin PBXFrameworksBuildPhase section */
		5F3E2F79261E9AA400790E25 /* Frameworks */ = {
			isa = PBXFrameworksBuildPhase;
			buildActionMask = 2147483647;
			files = (
				F66D1910B24F8E0A7D678F6D /* Pods_Ahara.framework in Frameworks */,
			);
			runOnlyForDeploymentPostprocessing = 0;
		};
/* End PBXFrameworksBuildPhase section */

/* Begin PBXGroup section */
		0DDD37E356143894A0F101DA /* Pods */ = {
			isa = PBXGroup;
			children = (
				FF27BF1B2CF78C480FC4F925 /* Pods-Ahara.debug.xcconfig */,
				21D394DF25257D8B018BDF5E /* Pods-Ahara.release.xcconfig */,
			);
			path = Pods;
			sourceTree = "<group>";
		};
		5F25FFDE262F02C700EC49C0 /* Model */ = {
			isa = PBXGroup;
			children = (
				5F25FFDF262F02DE00EC49C0 /* Global.swift */,
				5F25FFE3262F030300EC49C0 /* APIs.swift */,
				5F25FFE6262F031600EC49C0 /* Constants.swift */,
			);
			path = Model;
			sourceTree = "<group>";
		};
		5F342FE1261F5A58006BA4D3 /* Roboto */ = {
			isa = PBXGroup;
			children = (
				5F342FEA261F5A9E006BA4D3 /* Roboto-Black.ttf */,
				5F342FEC261F5A9E006BA4D3 /* Roboto-BlackItalic.ttf */,
				5F342FEB261F5A9E006BA4D3 /* Roboto-Bold.ttf */,
				5F342FF0261F5A9E006BA4D3 /* Roboto-BoldItalic.ttf */,
				5F342FEE261F5A9E006BA4D3 /* Roboto-Italic.ttf */,
				5F342FF1261F5A9E006BA4D3 /* Roboto-Light.ttf */,
				5F342FF2261F5A9E006BA4D3 /* Roboto-LightItalic.ttf */,
				5F342FF4261F5A9E006BA4D3 /* Roboto-Medium.ttf */,
				5F342FEF261F5A9E006BA4D3 /* Roboto-MediumItalic.ttf */,
				5F342FF5261F5A9F006BA4D3 /* Roboto-Regular.ttf */,
				5F342FF3261F5A9E006BA4D3 /* Roboto-Thin.ttf */,
				5F342FED261F5A9E006BA4D3 /* Roboto-ThinItalic.ttf */,
			);
			path = Roboto;
			sourceTree = "<group>";
		};
		5F3E2F73261E9AA400790E25 = {
			isa = PBXGroup;
			children = (
				5F3E2F7E261E9AA400790E25 /* Ahara */,
				5F3E2F7D261E9AA400790E25 /* Products */,
				0DDD37E356143894A0F101DA /* Pods */,
				6122576E43B1ABB199483C4B /* Frameworks */,
			);
			sourceTree = "<group>";
		};
		5F3E2F7D261E9AA400790E25 /* Products */ = {
			isa = PBXGroup;
			children = (
				5F3E2F7C261E9AA400790E25 /* Ahara.app */,
			);
			name = Products;
			sourceTree = "<group>";
		};
		5F3E2F7E261E9AA400790E25 /* Ahara */ = {
			isa = PBXGroup;
			children = (
				5FFFD57E2653B67C00E3D15A /* Cells */,
				5F25FFDE262F02C700EC49C0 /* Model */,
				5F7106D0261FDD870089BDAC /* Extensions */,
				5F3E2F7F261E9AA400790E25 /* AppDelegate.swift */,
				5F3E2F88261E9AA500790E25 /* Assets.xcassets */,
				5F3E2F94261EA38000790E25 /* Font */,
				5F3E2F8D261E9AA500790E25 /* Info.plist */,
				5F3E2F8A261E9AA500790E25 /* LaunchScreen.storyboard */,
				5F3E2F85261E9AA400790E25 /* Main.storyboard */,
				5F3E2F83261E9AA400790E25 /* TutorialScreenViewController1.swift */,
				5F342FD7261F5055006BA4D3 /* TutorialScreenViewController2.swift */,
				5F342FDA261F506A006BA4D3 /* TutorialScreenViewController3.swift */,
				5F342FDE261F56EB006BA4D3 /* SignInViewController.swift */,
				5FE1EB212625D6CA002B1E45 /* ForgotPasswordViewController.swift */,
				5FE1EB242625F74A002B1E45 /* VerificationCodeViewController.swift */,
				5FFF884B26268E8700E39758 /* ChangePasswordViewController.swift */,
				5FCA7B9A264E22AE00AE9DDF /* MyBoxViewController.swift */,
				5F7FA4FA265600190091C571 /* ReadyToCookViewController.swift */,
				5FFE3F6C26565AF300667AA5 /* LetsCookViewController.swift */,
				5F408357265C9ED200A4CD23 /* RightMenuController.swift */,
				5F1C387D26CC180D00497D26 /* FindReceipeViewController.swift */,
				5F3CE84126D3A67D00EC82FF /* IngredientViewController.swift */,
				D7BCB5BB26FB7A5500FDBB66 /* ShareViewController.swift */,
			);
			path = Ahara;
			sourceTree = "<group>";
		};
		5F3E2F94261EA38000790E25 /* Font */ = {
			isa = PBXGroup;
			children = (
				5F342FE1261F5A58006BA4D3 /* Roboto */,
				5F3E2F95261EA38E00790E25 /* FontsFree-Net-SFProText-Regular.ttf */,
			);
			path = Font;
			sourceTree = "<group>";
		};
		5F7106D0261FDD870089BDAC /* Extensions */ = {
			isa = PBXGroup;
			children = (
				5F7106D1261FDD9D0089BDAC /* Extension.swift */,
			);
			path = Extensions;
			sourceTree = "<group>";
		};
		5FFFD57E2653B67C00E3D15A /* Cells */ = {
			isa = PBXGroup;
			children = (
				5FFFD57F2653B69C00E3D15A /* ReceipeCell.swift */,
				5FFFD58326540F4A00E3D15A /* MyBoxCell.swift */,
				5F7FA4FD265600380091C571 /* ReadyToCookCell.swift */,
				5F006864265BEF430070B9E6 /* IngredientCell.swift */,
				5F00686F265BF3890070B9E6 /* InstructionCell.swift */,
			);
			path = Cells;
			sourceTree = "<group>";
		};
		6122576E43B1ABB199483C4B /* Frameworks */ = {
			isa = PBXGroup;
			children = (
				3258B76B8F557C9034946205 /* Pods_Ahara.framework */,
			);
			name = Frameworks;
			sourceTree = "<group>";
		};
/* End PBXGroup section */

/* Begin PBXNativeTarget section */
		5F3E2F7B261E9AA400790E25 /* Ahara */ = {
			isa = PBXNativeTarget;
			buildConfigurationList = 5F3E2F90261E9AA500790E25 /* Build configuration list for PBXNativeTarget "Ahara" */;
			buildPhases = (
				4950B39DC2B286C5E42C5830 /* [CP] Check Pods Manifest.lock */,
				5F3E2F78261E9AA400790E25 /* Sources */,
				5F3E2F79261E9AA400790E25 /* Frameworks */,
				5F3E2F7A261E9AA400790E25 /* Resources */,
				2F467263AB01B6E9C24935A3 /* [CP] Embed Pods Frameworks */,
			);
			buildRules = (
			);
			dependencies = (
			);
			name = Ahara;
			productName = Ahara;
			productReference = 5F3E2F7C261E9AA400790E25 /* Ahara.app */;
			productType = "com.apple.product-type.application";
		};
/* End PBXNativeTarget section */

/* Begin PBXProject section */
		5F3E2F74261E9AA400790E25 /* Project object */ = {
			isa = PBXProject;
			attributes = {
				LastSwiftUpdateCheck = 1240;
				LastUpgradeCheck = 1240;
				TargetAttributes = {
					5F3E2F7B261E9AA400790E25 = {
						CreatedOnToolsVersion = 12.4;
					};
				};
			};
			buildConfigurationList = 5F3E2F77261E9AA400790E25 /* Build configuration list for PBXProject "Ahara" */;
			compatibilityVersion = "Xcode 9.3";
			developmentRegion = en;
			hasScannedForEncodings = 0;
			knownRegions = (
				en,
				Base,
			);
			mainGroup = 5F3E2F73261E9AA400790E25;
			productRefGroup = 5F3E2F7D261E9AA400790E25 /* Products */;
			projectDirPath = "";
			projectRoot = "";
			targets = (
				5F3E2F7B261E9AA400790E25 /* Ahara */,
			);
		};
/* End PBXProject section */

/* Begin PBXResourcesBuildPhase section */
		5F3E2F7A261E9AA400790E25 /* Resources */ = {
			isa = PBXResourcesBuildPhase;
			buildActionMask = 2147483647;
			files = (
				5F2281B4265CF71F00025BE4 /* Roboto-Black.ttf in Resources */,
				5F2281B5265CF71F00025BE4 /* Roboto-BlackItalic.ttf in Resources */,
				5F2281B6265CF71F00025BE4 /* Roboto-Bold.ttf in Resources */,
				5F2281B7265CF71F00025BE4 /* Roboto-BoldItalic.ttf in Resources */,
				5F2281B8265CF71F00025BE4 /* Roboto-Italic.ttf in Resources */,
				5F2281B9265CF71F00025BE4 /* Roboto-Light.ttf in Resources */,
				5F2281BA265CF71F00025BE4 /* Roboto-LightItalic.ttf in Resources */,
				5F2281BB265CF71F00025BE4 /* Roboto-Medium.ttf in Resources */,
				5F2281BC265CF71F00025BE4 /* Roboto-MediumItalic.ttf in Resources */,
				5F2281BD265CF71F00025BE4 /* Roboto-Regular.ttf in Resources */,
				5F2281BE265CF71F00025BE4 /* Roboto-Thin.ttf in Resources */,
				5F2281BF265CF71F00025BE4 /* Roboto-ThinItalic.ttf in Resources */,
				5F3E2F8C261E9AA500790E25 /* LaunchScreen.storyboard in Resources */,
				5F3E2F89261E9AA500790E25 /* Assets.xcassets in Resources */,
				5F3E2F96261EA38E00790E25 /* FontsFree-Net-SFProText-Regular.ttf in Resources */,
				5F3E2F87261E9AA400790E25 /* Main.storyboard in Resources */,
			);
			runOnlyForDeploymentPostprocessing = 0;
		};
/* End PBXResourcesBuildPhase section */

/* Begin PBXShellScriptBuildPhase section */
		2F467263AB01B6E9C24935A3 /* [CP] Embed Pods Frameworks */ = {
			isa = PBXShellScriptBuildPhase;
			buildActionMask = 2147483647;
			files = (
			);
			inputFileListPaths = (
				"${PODS_ROOT}/Target Support Files/Pods-Ahara/Pods-Ahara-frameworks-${CONFIGURATION}-input-files.xcfilelist",
			);
			name = "[CP] Embed Pods Frameworks";
			outputFileListPaths = (
				"${PODS_ROOT}/Target Support Files/Pods-Ahara/Pods-Ahara-frameworks-${CONFIGURATION}-output-files.xcfilelist",
			);
			runOnlyForDeploymentPostprocessing = 0;
			shellPath = /bin/sh;
			shellScript = "\"${PODS_ROOT}/Target Support Files/Pods-Ahara/Pods-Ahara-frameworks.sh\"\n";
			showEnvVarsInLog = 0;
		};
		4950B39DC2B286C5E42C5830 /* [CP] Check Pods Manifest.lock */ = {
			isa = PBXShellScriptBuildPhase;
			buildActionMask = 2147483647;
			files = (
			);
			inputFileListPaths = (
			);
			inputPaths = (
				"${PODS_PODFILE_DIR_PATH}/Podfile.lock",
				"${PODS_ROOT}/Manifest.lock",
			);
			name = "[CP] Check Pods Manifest.lock";
			outputFileListPaths = (
			);
			outputPaths = (
				"$(DERIVED_FILE_DIR)/Pods-Ahara-checkManifestLockResult.txt",
			);
			runOnlyForDeploymentPostprocessing = 0;
			shellPath = /bin/sh;
			shellScript = "diff \"${PODS_PODFILE_DIR_PATH}/Podfile.lock\" \"${PODS_ROOT}/Manifest.lock\" > /dev/null\nif [ $? != 0 ] ; then\n    # print error to STDERR\n    echo \"error: The sandbox is not in sync with the Podfile.lock. Run 'pod install' or update your CocoaPods installation.\" >&2\n    exit 1\nfi\n# This output is used by Xcode 'outputs' to avoid re-running this script phase.\necho \"SUCCESS\" > \"${SCRIPT_OUTPUT_FILE_0}\"\n";
			showEnvVarsInLog = 0;
		};
/* End PBXShellScriptBuildPhase section */

/* Begin PBXSourcesBuildPhase section */
		5F3E2F78261E9AA400790E25 /* Sources */ = {
			isa = PBXSourcesBuildPhase;
			buildActionMask = 2147483647;
			files = (
				5FFFD58426540F4A00E3D15A /* MyBoxCell.swift in Sources */,
				5FE1EB222625D6CA002B1E45 /* ForgotPasswordViewController.swift in Sources */,
				5FFE3F6D26565AF300667AA5 /* LetsCookViewController.swift in Sources */,
				5F3E2F84261E9AA400790E25 /* TutorialScreenViewController1.swift in Sources */,
				5F006870265BF3890070B9E6 /* InstructionCell.swift in Sources */,
				5F3E2F80261E9AA400790E25 /* AppDelegate.swift in Sources */,
				D7BCB5BC26FB7A5500FDBB66 /* ShareViewController.swift in Sources */,
				5FFF884C26268E8700E39758 /* ChangePasswordViewController.swift in Sources */,
				5FE1EB252625F74A002B1E45 /* VerificationCodeViewController.swift in Sources */,
				5F3CE84226D3A67D00EC82FF /* IngredientViewController.swift in Sources */,
				5F7106D2261FDD9D0089BDAC /* Extension.swift in Sources */,
				5F7FA4FB265600190091C571 /* ReadyToCookViewController.swift in Sources */,
				5F342FDF261F56EB006BA4D3 /* SignInViewController.swift in Sources */,
				5F25FFE0262F02DE00EC49C0 /* Global.swift in Sources */,
				5F408358265C9ED200A4CD23 /* RightMenuController.swift in Sources */,
				5F1C387E26CC180D00497D26 /* FindReceipeViewController.swift in Sources */,
				5FFFD5802653B69C00E3D15A /* ReceipeCell.swift in Sources */,
				5F7FA4FE265600380091C571 /* ReadyToCookCell.swift in Sources */,
				5FCA7B9B264E22AE00AE9DDF /* MyBoxViewController.swift in Sources */,
				5F342FDB261F506A006BA4D3 /* TutorialScreenViewController3.swift in Sources */,
				5F25FFE7262F031600EC49C0 /* Constants.swift in Sources */,
				5F342FD8261F5055006BA4D3 /* TutorialScreenViewController2.swift in Sources */,
				5F25FFE4262F030300EC49C0 /* APIs.swift in Sources */,
				5F006865265BEF430070B9E6 /* IngredientCell.swift in Sources */,
			);
			runOnlyForDeploymentPostprocessing = 0;
		};
/* End PBXSourcesBuildPhase section */

/* Begin PBXVariantGroup section */
		5F3E2F85261E9AA400790E25 /* Main.storyboard */ = {
			isa = PBXVariantGroup;
			children = (
				5F3E2F86261E9AA400790E25 /* Base */,
			);
			name = Main.storyboard;
			sourceTree = "<group>";
		};
		5F3E2F8A261E9AA500790E25 /* LaunchScreen.storyboard */ = {
			isa = PBXVariantGroup;
			children = (
				5F3E2F8B261E9AA500790E25 /* Base */,
			);
			name = LaunchScreen.storyboard;
			sourceTree = "<group>";
		};
/* End PBXVariantGroup section */

/* Begin XCBuildConfiguration section */
		5F3E2F8E261E9AA500790E25 /* Debug */ = {
			isa = XCBuildConfiguration;
			buildSettings = {
				ALWAYS_SEARCH_USER_PATHS = NO;
				CLANG_ANALYZER_NONNULL = YES;
				CLANG_ANALYZER_NUMBER_OBJECT_CONVERSION = YES_AGGRESSIVE;
				CLANG_CXX_LANGUAGE_STANDARD = "gnu++14";
				CLANG_CXX_LIBRARY = "libc++";
				CLANG_ENABLE_MODULES = YES;
				CLANG_ENABLE_OBJC_ARC = YES;
				CLANG_ENABLE_OBJC_WEAK = YES;
				CLANG_WARN_BLOCK_CAPTURE_AUTORELEASING = YES;
				CLANG_WARN_BOOL_CONVERSION = YES;
				CLANG_WARN_COMMA = YES;
				CLANG_WARN_CONSTANT_CONVERSION = YES;
				CLANG_WARN_DEPRECATED_OBJC_IMPLEMENTATIONS = YES;
				CLANG_WARN_DIRECT_OBJC_ISA_USAGE = YES_ERROR;
				CLANG_WARN_DOCUMENTATION_COMMENTS = YES;
				CLANG_WARN_EMPTY_BODY = YES;
				CLANG_WARN_ENUM_CONVERSION = YES;
				CLANG_WARN_INFINITE_RECURSION = YES;
				CLANG_WARN_INT_CONVERSION = YES;
				CLANG_WARN_NON_LITERAL_NULL_CONVERSION = YES;
				CLANG_WARN_OBJC_IMPLICIT_RETAIN_SELF = YES;
				CLANG_WARN_OBJC_LITERAL_CONVERSION = YES;
				CLANG_WARN_OBJC_ROOT_CLASS = YES_ERROR;
				CLANG_WARN_QUOTED_INCLUDE_IN_FRAMEWORK_HEADER = YES;
				CLANG_WARN_RANGE_LOOP_ANALYSIS = YES;
				CLANG_WARN_STRICT_PROTOTYPES = YES;
				CLANG_WARN_SUSPICIOUS_MOVE = YES;
				CLANG_WARN_UNGUARDED_AVAILABILITY = YES_AGGRESSIVE;
				CLANG_WARN_UNREACHABLE_CODE = YES;
				CLANG_WARN__DUPLICATE_METHOD_MATCH = YES;
				COPY_PHASE_STRIP = NO;
				DEBUG_INFORMATION_FORMAT = dwarf;
				ENABLE_STRICT_OBJC_MSGSEND = YES;
				ENABLE_TESTABILITY = YES;
				GCC_C_LANGUAGE_STANDARD = gnu11;
				GCC_DYNAMIC_NO_PIC = NO;
				GCC_NO_COMMON_BLOCKS = YES;
				GCC_OPTIMIZATION_LEVEL = 0;
				GCC_PREPROCESSOR_DEFINITIONS = (
					"DEBUG=1",
					"$(inherited)",
				);
				GCC_WARN_64_TO_32_BIT_CONVERSION = YES;
				GCC_WARN_ABOUT_RETURN_TYPE = YES_ERROR;
				GCC_WARN_UNDECLARED_SELECTOR = YES;
				GCC_WARN_UNINITIALIZED_AUTOS = YES_AGGRESSIVE;
				GCC_WARN_UNUSED_FUNCTION = YES;
				GCC_WARN_UNUSED_VARIABLE = YES;
				IPHONEOS_DEPLOYMENT_TARGET = 14.4;
				MTL_ENABLE_DEBUG_INFO = INCLUDE_SOURCE;
				MTL_FAST_MATH = YES;
				ONLY_ACTIVE_ARCH = YES;
				SDKROOT = iphoneos;
				SWIFT_ACTIVE_COMPILATION_CONDITIONS = DEBUG;
				SWIFT_OPTIMIZATION_LEVEL = "-Onone";
			};
			name = Debug;
		};
		5F3E2F8F261E9AA500790E25 /* Release */ = {
			isa = XCBuildConfiguration;
			buildSettings = {
				ALWAYS_SEARCH_USER_PATHS = NO;
				CLANG_ANALYZER_NONNULL = YES;
				CLANG_ANALYZER_NUMBER_OBJECT_CONVERSION = YES_AGGRESSIVE;
				CLANG_CXX_LANGUAGE_STANDARD = "gnu++14";
				CLANG_CXX_LIBRARY = "libc++";
				CLANG_ENABLE_MODULES = YES;
				CLANG_ENABLE_OBJC_ARC = YES;
				CLANG_ENABLE_OBJC_WEAK = YES;
				CLANG_WARN_BLOCK_CAPTURE_AUTORELEASING = YES;
				CLANG_WARN_BOOL_CONVERSION = YES;
				CLANG_WARN_COMMA = YES;
				CLANG_WARN_CONSTANT_CONVERSION = YES;
				CLANG_WARN_DEPRECATED_OBJC_IMPLEMENTATIONS = YES;
				CLANG_WARN_DIRECT_OBJC_ISA_USAGE = YES_ERROR;
				CLANG_WARN_DOCUMENTATION_COMMENTS = YES;
				CLANG_WARN_EMPTY_BODY = YES;
				CLANG_WARN_ENUM_CONVERSION = YES;
				CLANG_WARN_INFINITE_RECURSION = YES;
				CLANG_WARN_INT_CONVERSION = YES;
				CLANG_WARN_NON_LITERAL_NULL_CONVERSION = YES;
				CLANG_WARN_OBJC_IMPLICIT_RETAIN_SELF = YES;
				CLANG_WARN_OBJC_LITERAL_CONVERSION = YES;
				CLANG_WARN_OBJC_ROOT_CLASS = YES_ERROR;
				CLANG_WARN_QUOTED_INCLUDE_IN_FRAMEWORK_HEADER = YES;
				CLANG_WARN_RANGE_LOOP_ANALYSIS = YES;
				CLANG_WARN_STRICT_PROTOTYPES = YES;
				CLANG_WARN_SUSPICIOUS_MOVE = YES;
				CLANG_WARN_UNGUARDED_AVAILABILITY = YES_AGGRESSIVE;
				CLANG_WARN_UNREACHABLE_CODE = YES;
				CLANG_WARN__DUPLICATE_METHOD_MATCH = YES;
				COPY_PHASE_STRIP = NO;
				DEBUG_INFORMATION_FORMAT = "dwarf-with-dsym";
				ENABLE_NS_ASSERTIONS = NO;
				ENABLE_STRICT_OBJC_MSGSEND = YES;
				GCC_C_LANGUAGE_STANDARD = gnu11;
				GCC_NO_COMMON_BLOCKS = YES;
				GCC_WARN_64_TO_32_BIT_CONVERSION = YES;
				GCC_WARN_ABOUT_RETURN_TYPE = YES_ERROR;
				GCC_WARN_UNDECLARED_SELECTOR = YES;
				GCC_WARN_UNINITIALIZED_AUTOS = YES_AGGRESSIVE;
				GCC_WARN_UNUSED_FUNCTION = YES;
				GCC_WARN_UNUSED_VARIABLE = YES;
				IPHONEOS_DEPLOYMENT_TARGET = 14.4;
				MTL_ENABLE_DEBUG_INFO = NO;
				MTL_FAST_MATH = YES;
				SDKROOT = iphoneos;
				SWIFT_COMPILATION_MODE = wholemodule;
				SWIFT_OPTIMIZATION_LEVEL = "-O";
				VALIDATE_PRODUCT = YES;
			};
			name = Release;
		};
		5F3E2F91261E9AA500790E25 /* Debug */ = {
			isa = XCBuildConfiguration;
			baseConfigurationReference = FF27BF1B2CF78C480FC4F925 /* Pods-Ahara.debug.xcconfig */;
			buildSettings = {
				ASSETCATALOG_COMPILER_APPICON_NAME = AppIcon;
				ASSETCATALOG_COMPILER_GLOBAL_ACCENT_COLOR_NAME = AccentColor;
				CODE_SIGN_IDENTITY = "Apple Development";
				CODE_SIGN_STYLE = Automatic;
				CURRENT_PROJECT_VERSION = 3.7;
				DEVELOPMENT_TEAM = JNHWLQ758Q;
				ENABLE_BITCODE = NO;
				INFOPLIST_FILE = Ahara/Info.plist;
				LD_RUNPATH_SEARCH_PATHS = (
					"$(inherited)",
					"@executable_path/Frameworks",
				);
				PRODUCT_BUNDLE_IDENTIFIER = eat.ahara.inc;
				PRODUCT_NAME = "$(TARGET_NAME)";
				PROVISIONING_PROFILE_SPECIFIER = "";
				SWIFT_VERSION = 5.0;
				TARGETED_DEVICE_FAMILY = 1;
			};
			name = Debug;
		};
		5F3E2F92261E9AA500790E25 /* Release */ = {
			isa = XCBuildConfiguration;
			baseConfigurationReference = 21D394DF25257D8B018BDF5E /* Pods-Ahara.release.xcconfig */;
			buildSettings = {
				ASSETCATALOG_COMPILER_APPICON_NAME = AppIcon;
				ASSETCATALOG_COMPILER_GLOBAL_ACCENT_COLOR_NAME = AccentColor;
				CODE_SIGN_IDENTITY = "Apple Development";
				CODE_SIGN_STYLE = Automatic;
				CURRENT_PROJECT_VERSION = 3.7;
				DEVELOPMENT_TEAM = JNHWLQ758Q;
				ENABLE_BITCODE = NO;
				GCC_OPTIMIZATION_LEVEL = 0;
				INFOPLIST_FILE = Ahara/Info.plist;
				LD_RUNPATH_SEARCH_PATHS = (
					"$(inherited)",
					"@executable_path/Frameworks",
				);
				PRODUCT_BUNDLE_IDENTIFIER = eat.ahara.inc;
				PRODUCT_NAME = "$(TARGET_NAME)";
				PROVISIONING_PROFILE_SPECIFIER = "";
				SWIFT_OPTIMIZATION_LEVEL = "-Onone";
				SWIFT_VERSION = 5.0;
				TARGETED_DEVICE_FAMILY = 1;
			};
			name = Release;
		};
/* End XCBuildConfiguration section */

/* Begin XCConfigurationList section */
		5F3E2F77261E9AA400790E25 /* Build configuration list for PBXProject "Ahara" */ = {
			isa = XCConfigurationList;
			buildConfigurations = (
				5F3E2F8E261E9AA500790E25 /* Debug */,
				5F3E2F8F261E9AA500790E25 /* Release */,
			);
			defaultConfigurationIsVisible = 0;
			defaultConfigurationName = Release;
		};
		5F3E2F90261E9AA500790E25 /* Build configuration list for PBXNativeTarget "Ahara" */ = {
			isa = XCConfigurationList;
			buildConfigurations = (
				5F3E2F91261E9AA500790E25 /* Debug */,
				5F3E2F92261E9AA500790E25 /* Release */,
			);
			defaultConfigurationIsVisible = 0;
			defaultConfigurationName = Release;
		};
/* End XCConfigurationList section */
	};
	rootObject = 5F3E2F74261E9AA400790E25 /* Project object */;
}
